
Microsoft Visual Studio Solution File, Format Version 12.00
# Visual Studio Version 17
VisualStudioVersion = 17.7.34031.279
MinimumVisualStudioVersion = 10.0.40219.1
Project("{888888A0-9F3D-457C-B088-3A5042F75D52}") = "Cola Python", "Cola Python\Cola Python.pyproj", "{91D8704B-D227-437F-A3D7-9B68B51BA70B}"
EndProject
Global
	GlobalSection(SolutionConfigurationPlatforms) = preSolution
		Debug|Any CPU = Debug|Any CPU
		Release|Any CPU = Release|Any CPU
	EndGlobalSection
	GlobalSection(ProjectConfigurationPlatforms) = postSolution
		{91D8704B-D227-437F-A3D7-9B68B51BA70B}.Debug|Any CPU.ActiveCfg = Debug|Any CPU
		{91D8704B-D227-437F-A3D7-9B68B51BA70B}.Release|Any CPU.ActiveCfg = Release|Any CPU
	EndGlobalSection
	GlobalSection(SolutionProperties) = preSolution
		HideSolutionNode = FALSE
	EndGlobalSection
	GlobalSection(ExtensibilityGlobals) = postSolution
		SolutionGuid = {8A6B531E-9814-4C18-8D3E-A6FFF475DB02}
	EndGlobalSection
EndGlobal
